
Microsoft Visual Studio Solution File, Format Version 12.00
# Visual Studio 15
VisualStudioVersion = 15.0.27130.2010
MinimumVisualStudioVersion = 10.0.40219.1
Project("{2150E333-8FDC-42A3-9474-1A3956D46DE8}") = "src", "src", "{B22A4BA9-B9C7-4E4D-99C2-3609AEC684EF}"
EndProject
Project("{2150E333-8FDC-42A3-9474-1A3956D46DE8}") = "Services", "Services", "{44A03390-96D5-4B40-B037-FA44A87D368E}"
EndProject
Project("{2150E333-8FDC-42A3-9474-1A3956D46DE8}") = "Flickr", "Flickr", "{ACE8C1B7-F60A-4575-A990-B453C883C5BA}"
EndProject
Project("{9A19103F-16F7-4668-BE54-9A1E7A4F7556}") = "Flickr.API", "src\Services\Flickr\Flickr.API\Flickr.API.csproj", "{7CD23C23-DF82-46EF-9553-B23CEF9835CC}"
EndProject
Project("{2150E333-8FDC-42A3-9474-1A3956D46DE8}") = "test", "test", "{C498307E-43A3-4006-AC23-7EAB4567E49D}"
EndProject
Project("{2150E333-8FDC-42A3-9474-1A3956D46DE8}") = "Services", "Services", "{22539A42-C164-4D50-BD55-DC9DAF141111}"
EndProject
Project("{9A19103F-16F7-4668-BE54-9A1E7A4F7556}") = "UnitTest", "test\Services\UnitTest\UnitTest.csproj", "{AB5DCCE5-D119-40BF-BA20-6FC4720A5E8C}"
EndProject
Project("{FAE04EC0-301F-11D3-BF4B-00C04F79EFBC}") = "IntegrationTest", "test\Services\IntegrationTest\IntegrationTest.csproj", "{BA631742-85C6-4049-B673-28FC70B08FFF}"
EndProject
Global
	GlobalSection(SolutionConfigurationPlatforms) = preSolution
		Debug|Any CPU = Debug|Any CPU
		Release|Any CPU = Release|Any CPU
	EndGlobalSection
	GlobalSection(ProjectConfigurationPlatforms) = postSolution
		{7CD23C23-DF82-46EF-9553-B23CEF9835CC}.Debug|Any CPU.ActiveCfg = Debug|Any CPU
		{7CD23C23-DF82-46EF-9553-B23CEF9835CC}.Debug|Any CPU.Build.0 = Debug|Any CPU
		{7CD23C23-DF82-46EF-9553-B23CEF9835CC}.Release|Any CPU.ActiveCfg = Release|Any CPU
		{7CD23C23-DF82-46EF-9553-B23CEF9835CC}.Release|Any CPU.Build.0 = Release|Any CPU
		{AB5DCCE5-D119-40BF-BA20-6FC4720A5E8C}.Debug|Any CPU.ActiveCfg = Debug|Any CPU
		{AB5DCCE5-D119-40BF-BA20-6FC4720A5E8C}.Debug|Any CPU.Build.0 = Debug|Any CPU
		{AB5DCCE5-D119-40BF-BA20-6FC4720A5E8C}.Release|Any CPU.ActiveCfg = Release|Any CPU
		{AB5DCCE5-D119-40BF-BA20-6FC4720A5E8C}.Release|Any CPU.Build.0 = Release|Any CPU
		{BA631742-85C6-4049-B673-28FC70B08FFF}.Debug|Any CPU.ActiveCfg = Debug|Any CPU
		{BA631742-85C6-4049-B673-28FC70B08FFF}.Debug|Any CPU.Build.0 = Debug|Any CPU
		{BA631742-85C6-4049-B673-28FC70B08FFF}.Release|Any CPU.ActiveCfg = Release|Any CPU
		{BA631742-85C6-4049-B673-28FC70B08FFF}.Release|Any CPU.Build.0 = Release|Any CPU
	EndGlobalSection
	GlobalSection(SolutionProperties) = preSolution
		HideSolutionNode = FALSE
	EndGlobalSection
	GlobalSection(NestedProjects) = preSolution
		{44A03390-96D5-4B40-B037-FA44A87D368E} = {B22A4BA9-B9C7-4E4D-99C2-3609AEC684EF}
		{ACE8C1B7-F60A-4575-A990-B453C883C5BA} = {44A03390-96D5-4B40-B037-FA44A87D368E}
		{7CD23C23-DF82-46EF-9553-B23CEF9835CC} = {ACE8C1B7-F60A-4575-A990-B453C883C5BA}
		{22539A42-C164-4D50-BD55-DC9DAF141111} = {C498307E-43A3-4006-AC23-7EAB4567E49D}
		{AB5DCCE5-D119-40BF-BA20-6FC4720A5E8C} = {22539A42-C164-4D50-BD55-DC9DAF141111}
		{BA631742-85C6-4049-B673-28FC70B08FFF} = {22539A42-C164-4D50-BD55-DC9DAF141111}
	EndGlobalSection
	GlobalSection(ExtensibilityGlobals) = postSolution
		SolutionGuid = {F7AB3425-BB46-493A-B55A-053FA525441E}
	EndGlobalSection
EndGlobal
